
Microsoft Visual Studio Solution File, Format Version 12.00
# Visual Studio Version 16
VisualStudioVersion = 16.0.32929.386
MinimumVisualStudioVersion = 10.0.40219.1
Project("{FAE04EC0-301F-11D3-BF4B-00C04F79EFBC}") = "RLCMacroReader", "RLCMacroReader\RLCMacroReader.csproj", "{470CEF87-4EE4-45FD-BE22-D92E24AA091E}"
EndProject
Global
	GlobalSection(SolutionConfigurationPlatforms) = preSolution
		Debug|Any CPU = Debug|Any CPU
		Release|Any CPU = Release|Any CPU
	EndGlobalSection
	GlobalSection(ProjectConfigurationPlatforms) = postSolution
		{470CEF87-4EE4-45FD-BE22-D92E24AA091E}.Debug|Any CPU.ActiveCfg = Debug|Any CPU
		{470CEF87-4EE4-45FD-BE22-D92E24AA091E}.Debug|Any CPU.Build.0 = Debug|Any CPU
		{470CEF87-4EE4-45FD-BE22-D92E24AA091E}.Release|Any CPU.ActiveCfg = Release|Any CPU
		{470CEF87-4EE4-45FD-BE22-D92E24AA091E}.Release|Any CPU.Build.0 = Release|Any CPU
	EndGlobalSection
	GlobalSection(SolutionProperties) = preSolution
		HideSolutionNode = FALSE
	EndGlobalSection
	GlobalSection(ExtensibilityGlobals) = postSolution
		SolutionGuid = {B0D2FAC2-B45D-492D-BD83-0220BE9B357B}
	EndGlobalSection
EndGlobal
